lockfileVersion: '9.0'

settings:
  autoInstallPeers: true
  excludeLinksFromLockfile: false

importers:

  .:
    dependencies:
      cesium:
        specifier: 1.144.0
        version: 1.144.0

packages:

  '@cesium/engine@26.2.0':
    resolution: {integrity: sha512-BsfHZpg6LvlUSaTfvzfEzo9JQd9+PtMbzoylwls+aRj6bnqGNTF5F2sMC1eja5L3wg725NyiWQ8s84sIM9Dr6g==}
    engines: {node: '>=22.0.0'}

  '@cesium/wasm-splats@0.1.0-alpha.2':
    resolution: {integrity: sha512-t9pMkknv31hhIbLpMa8yPvmqfpvs5UkUjgqlQv9SeO8VerCXOYnyP8/486BDaFrztM0A7FMbRjsXtNeKvqQghA==}

  '@cesium/widgets@16.1.1':
    resolution: {integrity: sha512-um2JznRouJ2pfC0FNnEgJJU7WrCDrYFeyqCdiSsdbZgdW4q/R9ysDpj0VO/H2U4r4t6HDn9pA3HgAYpuIsdUWg==}
    engines: {node: '>=22.0.0'}

  '@spz-loader/core@0.3.1':
    resolution: {integrity: sha512-8qJ1WIBXaJu8HjnJAjYniE0kYcr0kCe5Hp7kDzYiGVvvd7zyrOBwbF5imoW5mvwx1Qba0hxGEK5R9jEoaHKJFA==}
    engines: {node: '>=16', pnpm: '>=8'}

  '@tweenjs/tween.js@25.0.0':
    resolution: {integrity: sha512-XKLA6syeBUaPzx4j3qwMqzzq+V4uo72BnlbOjmuljLrRqdsd3qnzvZZoxvMHZ23ndsRS4aufU6JOZYpCbU6T1A==}

  '@types/trusted-types@2.0.7':
    resolution: {integrity: sha512-ScaPdn1dQczgbl0QFTeTOmVHFULt394XJgOQNoyVhZ6r2vLnMLJfBPd53SB52T/3G36VI1/g2MZaX0cwDuXsfw==}

  '@zip.js/zip.js@2.8.60':
    resolution: {integrity: sha512-pULv0waMlnKAUUxrsuAOa0ADONGRuhdHORtuXVgClNlScDB5YjImCV8DZrE1SicaROyE6MwGkH8CLJ+o4Nx07g==}
    engines: {bun: '>=0.7.0', deno: '>=1.0.0', node: '>=18.0.0'}

  autolinker@4.1.5:
    resolution: {integrity: sha512-vEfYZPmvVOIuE567XBVCsx8SBgOYtjB2+S1iAaJ+HgH+DNjAcrHem2hmAeC9yaNGWayicv4yR+9UaJlkF3pvtw==}
    engines: {pnpm: '>=10.10.0'}

  bitmap-sdf@1.0.4:
    resolution: {integrity: sha512-1G3U4n5JE6RAiALMxu0p1XmeZkTeCwGKykzsLTCqVzfSDaN6S7fKnkIkfejogz+iwqBWc0UYAIKnKHNN7pSfDg==}

  cesium@1.144.0:
    resolution: {integrity: sha512-g1TX13KvTUhX9zjlJNn3De5BwuHyzuQzp1+1ITpGJJmIORCGnxVKAiu9/OkQByTWNYKgNtoEuPLrnWFhl0ao5g==}
    engines: {node: '>=22.0.0'}

  commander@2.0.0:
    resolution: {integrity: sha512-qebjpyeaA/nJ4w3EO2cV2++/zEkccPnjWogzA2rff+Lk8ILI75vULeTmyd4wPxWdKwtP3J+G39IXVZadh0UHyw==}
    engines: {node: '>= 0.6.x'}

  dompurify@3.4.14:
    resolution: {integrity: sha512-dVoH9z+MY+C9IilgGCk3YfFqjLi3fChm2OiKJMzh6axrJ5qwxqWaZamgmHrpv22CN/KdbZJuGEGgfQoL00LTdg==}

  draco3d@1.5.7:
    resolution: {integrity: sha512-m6WCKt/erDXcw+70IJXnG7M3awwQPAsZvJGX5zY7beBqpELw6RDGkYVU0W43AFxye4pDZ5i2Lbyc/NNGqwjUVQ==}

  earcut@3.0.2:
    resolution: {integrity: sha512-X7hshQbLyMJ/3RPhyObLARM2sNxxmRALLKx1+NVFFnQ9gKzmCrxm9+uLIAdBcvc8FNLpctqlQ2V6AE92Ol9UDQ==}

  grapheme-splitter@1.0.4:
    resolution: {integrity: sha512-bzh50DW9kTPM00T8y4o8vQg89Di9oLJVLW/KaOGIXJWP/iqCN6WKYkbNOF04vFLJhwcpYUh9ydh/+5vpOqV4YQ==}

  jsep@1.4.0:
    resolution: {integrity: sha512-B7qPcEVE3NVkmSJbaYxvv4cHkVW7DQsZz13pUMrfS8z8Q/BuShN+gcTXrUlPiGqM2/t/EEaI030bpxMqY8gMlw==}
    engines: {node: '>= 10.16.0'}

  kdbush@4.1.0:
    resolution: {integrity: sha512-e9vurzrXJQrFX6ckpHP3bvj5l+9CnYzkxDNnNQ1h2QTqdWsUAJgXiKdGNcOa1EY85dU8KbQ+z/FdQdB7P+9yfQ==}

  ktx-parse@1.1.0:
    resolution: {integrity: sha512-mKp3y+FaYgR7mXWAbyyzpa/r1zDWeaunH+INJO4fou3hb45XuNSwar+7llrRyvpMWafxSIi99RNFJ05MHedaJQ==}

  lerc@2.0.0:
    resolution: {integrity: sha512-7qo1Mq8ZNmaR4USHHm615nEW2lPeeWJ3bTyoqFbd35DLx0LUH7C6ptt5FDCTAlbIzs3+WKrk5SkJvw8AFDE2hg==}

  long@5.3.2:
    resolution: {integrity: sha512-mNAgZ1GmyNhD7AuqnTG3/VQ26o760+ZYBPKjPvugO8+nLbYfX6TVpJPseBvopbdY+qpZ/lKUnmEc1LeZYS3QAA==}

  mersenne-twister@1.1.0:
    resolution: {integrity: sha512-mUYWsMKNrm4lfygPkL3OfGzOPTR2DBlTkBNHM//F6hGp8cLThY897crAlk3/Jo17LEOOjQUrNAx6DvgO77QJkA==}

  meshoptimizer@1.2.0:
    resolution: {integrity: sha512-davRZeIJbxJrE24cwQle7ZDsxjdk/OphNOV83oX+efQinyoHY9Jcyz3MHbaoG0qySZajldGztNZ1RN/T19PZsg==}

  nosleep.js@0.12.0:
    resolution: {integrity: sha512-9d1HbpKLh3sdWlhXMhU6MMH+wQzKkrgfRkYV0EBdvt99YJfj0ilCJrWRDYG2130Tm4GXbEoTCx5b34JSaP+HhA==}

  pako@3.0.1:
    resolution: {integrity: sha512-GupotUUI0mlhugKjUs4bjOwLt3nrehy9Ys2dxC0GtgVef5cnKggkDMmf2bq2poCCuVXopWPmqsc9VDT2iJUy+w==}

  protobufjs@8.8.0:
    resolution: {integrity: sha512-N3xhQ5yyBx3vQq4gubBfASzYhJGNzeDbjqBpu61g7UVylsN/qyffU96TKWD3GbbLOKF82VGNRNvv1+BFgE31Eg==}
    engines: {node: '>=12.0.0'}

  quickselect@3.0.0:
    resolution: {integrity: sha512-XdjUArbK4Bm5fLLvlm5KpTFOiOThgfWWI4axAZDWg4E/0mKdZyI9tNEfds27qCi1ze/vwTR16kvmmGhRra3c2g==}

  rbush@4.0.1:
    resolution: {integrity: sha512-IP0UpfeWQujYC8Jg162rMNc01Rf0gWMMAb2Uxus/Q0qOFw4lCcq6ZnQEZwUoJqWyUGJ9th7JjwI4yIWo+uvoAQ==}

  topojson-client@3.1.0:
    resolution: {integrity: sha512-605uxS6bcYxGXw9qi62XyrV6Q3xwbndjachmNxu8HWTtVPxZfEJN9fd/SZS1Q54Sn2y0TMyMxFj/cJINqGHrKw==}
    hasBin: true

  tslib@2.8.1:
    resolution: {integrity: sha512-oJFu94HQb+KVduSUQL7wnpmqnfmLsOA/nAh6b6EH0wCEoK0/mPeXU6c3wKDV83MkOuHPRHtSXKKU99IBazS/2w==}

  urijs@1.19.11:
    resolution: {integrity: sha512-HXgFDgDommxn5/bIv0cnQZsPhHDA90NPHD6+c/v21U5+Sx5hoP8+dP9IZXBU1gIfvdRfhG8cel9QNPeionfcCQ==}

snapshots:

  '@cesium/engine@26.2.0':
    dependencies:
      '@cesium/wasm-splats': 0.1.0-alpha.2
      '@spz-loader/core': 0.3.1
      '@tweenjs/tween.js': 25.0.0
      '@zip.js/zip.js': 2.8.60
      autolinker: 4.1.5
      bitmap-sdf: 1.0.4
      dompurify: 3.4.14
      draco3d: 1.5.7
      earcut: 3.0.2
      grapheme-splitter: 1.0.4
      jsep: 1.4.0
      kdbush: 4.1.0
      ktx-parse: 1.1.0
      lerc: 2.0.0
      mersenne-twister: 1.1.0
      meshoptimizer: 1.2.0
      pako: 3.0.1
      protobufjs: 8.8.0
      rbush: 4.0.1
      topojson-client: 3.1.0
      urijs: 1.19.11

  '@cesium/wasm-splats@0.1.0-alpha.2': {}

  '@cesium/widgets@16.1.1':
    dependencies:
      '@cesium/engine': 26.2.0
      nosleep.js: 0.12.0

  '@spz-loader/core@0.3.1': {}

  '@tweenjs/tween.js@25.0.0': {}

  '@types/trusted-types@2.0.7':
    optional: true

  '@zip.js/zip.js@2.8.60': {}

  autolinker@4.1.5:
    dependencies:
      tslib: 2.8.1

  bitmap-sdf@1.0.4: {}

  cesium@1.144.0:
    dependencies:
      '@cesium/engine': 26.2.0
      '@cesium/widgets': 16.1.1
      protobufjs: 8.8.0

  commander@2.0.0: {}

  dompurify@3.4.14:
    optionalDependencies:
      '@types/trusted-types': 2.0.7

  draco3d@1.5.7: {}

  earcut@3.0.2: {}

  grapheme-splitter@1.0.4: {}

  jsep@1.4.0: {}

  kdbush@4.1.0: {}

  ktx-parse@1.1.0: {}

  lerc@2.0.0: {}

  long@5.3.2: {}

  mersenne-twister@1.1.0: {}

  meshoptimizer@1.2.0: {}

  nosleep.js@0.12.0: {}

  pako@3.0.1: {}

  protobufjs@8.8.0:
    dependencies:
      long: 5.3.2

  quickselect@3.0.0: {}

  rbush@4.0.1:
    dependencies:
      quickselect: 3.0.0

  topojson-client@3.1.0:
    dependencies:
      commander: 2.0.0

  tslib@2.8.1: {}

  urijs@1.19.11: {}
